
Microsoft Visual Studio Solution File, Format Version 12.00
# Visual Studio 15
VisualStudioVersion = 15.0.28307.168
MinimumVisualStudioVersion = 10.0.40219.1
Project("{FAE04EC0-301F-11D3-BF4B-00C04F79EFBC}") = "StackOverflowProject", "StackOverflowProject\StackOverflowProject.csproj", "{79CB5E7F-5E44-4497-AA9C-D2AF0618B834}"
EndProject
Project("{FAE04EC0-301F-11D3-BF4B-00C04F79EFBC}") = "StackOverflowProject.DomainModels", "StackOverflowProject.DomainModels\StackOverflowProject.DomainModels.csproj", "{10BC3724-CA05-4068-AF4D-9C2DBA1A1DA6}"
EndProject
Project("{FAE04EC0-301F-11D3-BF4B-00C04F79EFBC}") = "StackOverflowProject.ViewModels", "StackOverflowProject.ViewModels\StackOverflowProject.ViewModels.csproj", "{3DEFBE6D-58D3-4FB0-AD83-0D97C1EA314B}"
EndProject
Project("{FAE04EC0-301F-11D3-BF4B-00C04F79EFBC}") = "StackOverflowProject.Repositories", "StackOverflowProject.Repositories\StackOverflowProject.Repositories.csproj", "{DB9E8CB8-7FCA-4023-94B9-D2A10E579495}"
EndProject
Project("{FAE04EC0-301F-11D3-BF4B-00C04F79EFBC}") = "StackOverflowProject.ServiceLayer", "StackOverflowProject.ServiceLayer\StackOverflowProject.ServiceLayer.csproj", "{7FAECAF9-05FD-4076-8A5F-A9448F5A0CBD}"
EndProject
Global
	GlobalSection(SolutionConfigurationPlatforms) = preSolution
		Debug|Any CPU = Debug|Any CPU
		Release|Any CPU = Release|Any CPU
	EndGlobalSection
	GlobalSection(ProjectConfigurationPlatforms) = postSolution
		{79CB5E7F-5E44-4497-AA9C-D2AF0618B834}.Debug|Any CPU.ActiveCfg = Debug|Any CPU
		{79CB5E7F-5E44-4497-AA9C-D2AF0618B834}.Debug|Any CPU.Build.0 = Debug|Any CPU
		{79CB5E7F-5E44-4497-AA9C-D2AF0618B834}.Release|Any CPU.ActiveCfg = Release|Any CPU
		{79CB5E7F-5E44-4497-AA9C-D2AF0618B834}.Release|Any CPU.Build.0 = Release|Any CPU
		{10BC3724-CA05-4068-AF4D-9C2DBA1A1DA6}.Debug|Any CPU.ActiveCfg = Debug|Any CPU
		{10BC3724-CA05-4068-AF4D-9C2DBA1A1DA6}.Debug|Any CPU.Build.0 = Debug|Any CPU
		{10BC3724-CA05-4068-AF4D-9C2DBA1A1DA6}.Release|Any CPU.ActiveCfg = Release|Any CPU
		{10BC3724-CA05-4068-AF4D-9C2DBA1A1DA6}.Release|Any CPU.Build.0 = Release|Any CPU
		{3DEFBE6D-58D3-4FB0-AD83-0D97C1EA314B}.Debug|Any CPU.ActiveCfg = Debug|Any CPU
		{3DEFBE6D-58D3-4FB0-AD83-0D97C1EA314B}.Debug|Any CPU.Build.0 = Debug|Any CPU
		{3DEFBE6D-58D3-4FB0-AD83-0D97C1EA314B}.Release|Any CPU.ActiveCfg = Release|Any CPU
		{3DEFBE6D-58D3-4FB0-AD83-0D97C1EA314B}.Release|Any CPU.Build.0 = Release|Any CPU
		{DB9E8CB8-7FCA-4023-94B9-D2A10E579495}.Debug|Any CPU.ActiveCfg = Debug|Any CPU
		{DB9E8CB8-7FCA-4023-94B9-D2A10E579495}.Debug|Any CPU.Build.0 = Debug|Any CPU
		{DB9E8CB8-7FCA-4023-94B9-D2A10E579495}.Release|Any CPU.ActiveCfg = Release|Any CPU
		{DB9E8CB8-7FCA-4023-94B9-D2A10E579495}.Release|Any CPU.Build.0 = Release|Any CPU
		{7FAECAF9-05FD-4076-8A5F-A9448F5A0CBD}.Debug|Any CPU.ActiveCfg = Debug|Any CPU
		{7FAECAF9-05FD-4076-8A5F-A9448F5A0CBD}.Debug|Any CPU.Build.0 = Debug|Any CPU
		{7FAECAF9-05FD-4076-8A5F-A9448F5A0CBD}.Release|Any CPU.ActiveCfg = Release|Any CPU
		{7FAECAF9-05FD-4076-8A5F-A9448F5A0CBD}.Release|Any CPU.Build.0 = Release|Any CPU
	EndGlobalSection
	GlobalSection(SolutionProperties) = preSolution
		HideSolutionNode = FALSE
	EndGlobalSection
	GlobalSection(ExtensibilityGlobals) = postSolution
		SolutionGuid = {3167842C-028C-422F-9AA8-DB7301A09FA1}
	EndGlobalSection
EndGlobal
